{
    "_meta": {
        "hash": {
            "sha256": "222cc645f783a545b53be1010a97e06e7fecc415e974842e7e923dc50245345a"
        },
        "pipfile-spec": 6,
        "requires": {
            "python_version": "3.6"
        },
        "sources": [
            {
                "name": "pypi",
                "url": "https://pypi.python.org/simple",
                "verify_ssl": true
            }
        ]
    },
    "default": {
        "1d29258": {
            "path": ".\\Django-2.0.4-py3-none-any.whl"
        }
    },
    "develop": {}
}
